
Microsoft Visual Studio Solution File, Format Version 12.00
# Visual Studio Version 16
VisualStudioVersion = 16.0.31702.278
MinimumVisualStudioVersion = 10.0.40219.1
Project("{FAE04EC0-301F-11D3-BF4B-00C04F79EFBC}") = "aula 28_09", "aula 28_09\aula 28_09.csproj", "{2321480E-479F-4B1C-A346-9C49B1AD4491}"
EndProject
Global
	GlobalSection(SolutionConfigurationPlatforms) = preSolution
		Debug|Any CPU = Debug|Any CPU
		Release|Any CPU = Release|Any CPU
	EndGlobalSection
	GlobalSection(ProjectConfigurationPlatforms) = postSolution
		{2321480E-479F-4B1C-A346-9C49B1AD4491}.Debug|Any CPU.ActiveCfg = Debug|Any CPU
		{2321480E-479F-4B1C-A346-9C49B1AD4491}.Debug|Any CPU.Build.0 = Debug|Any CPU
		{2321480E-479F-4B1C-A346-9C49B1AD4491}.Release|Any CPU.ActiveCfg = Release|Any CPU
		{2321480E-479F-4B1C-A346-9C49B1AD4491}.Release|Any CPU.Build.0 = Release|Any CPU
	EndGlobalSection
	GlobalSection(SolutionProperties) = preSolution
		HideSolutionNode = FALSE
	EndGlobalSection
	GlobalSection(ExtensibilityGlobals) = postSolution
		SolutionGuid = {444FD3DB-7791-46FF-838B-C27814FC46A4}
	EndGlobalSection
EndGlobal
